
Microsoft Visual Studio Solution File, Format Version 12.00
# Visual Studio 15
VisualStudioVersion = 15.0.28307.329
MinimumVisualStudioVersion = 10.0.40219.1
Project("{FAE04EC0-301F-11D3-BF4B-00C04F79EFBC}") = "BookConsoleApp", "BookConsoleApp\BookConsoleApp.csproj", "{5BE6B766-61CA-4681-A845-EA7920B03F8E}"
EndProject
Project("{FAE04EC0-301F-11D3-BF4B-00C04F79EFBC}") = "NET.S.2019.Markin.9", "NET.S.2019.Markin.9\NET.S.2019.Markin.9.csproj", "{3C6A458D-700C-49F3-902A-B501B3B31069}"
EndProject
Global
	GlobalSection(SolutionConfigurationPlatforms) = preSolution
		Debug|Any CPU = Debug|Any CPU
		Release|Any CPU = Release|Any CPU
	EndGlobalSection
	GlobalSection(ProjectConfigurationPlatforms) = postSolution
		{5BE6B766-61CA-4681-A845-EA7920B03F8E}.Debug|Any CPU.ActiveCfg = Debug|Any CPU
		{5BE6B766-61CA-4681-A845-EA7920B03F8E}.Debug|Any CPU.Build.0 = Debug|Any CPU
		{5BE6B766-61CA-4681-A845-EA7920B03F8E}.Release|Any CPU.ActiveCfg = Release|Any CPU
		{5BE6B766-61CA-4681-A845-EA7920B03F8E}.Release|Any CPU.Build.0 = Release|Any CPU
		{3C6A458D-700C-49F3-902A-B501B3B31069}.Debug|Any CPU.ActiveCfg = Debug|Any CPU
		{3C6A458D-700C-49F3-902A-B501B3B31069}.Debug|Any CPU.Build.0 = Debug|Any CPU
		{3C6A458D-700C-49F3-902A-B501B3B31069}.Release|Any CPU.ActiveCfg = Release|Any CPU
		{3C6A458D-700C-49F3-902A-B501B3B31069}.Release|Any CPU.Build.0 = Release|Any CPU
	EndGlobalSection
	GlobalSection(SolutionProperties) = preSolution
		HideSolutionNode = FALSE
	EndGlobalSection
	GlobalSection(ExtensibilityGlobals) = postSolution
		SolutionGuid = {3528DF50-CC59-42EB-9903-1048634531AE}
	EndGlobalSection
EndGlobal
