
Microsoft Visual Studio Solution File, Format Version 12.00
# Visual Studio 15
VisualStudioVersion = 15.0.28307.329
MinimumVisualStudioVersion = 10.0.40219.1
Project("{FAE04EC0-301F-11D3-BF4B-00C04F79EFBC}") = "NET.S.2019.Markin.18", "NET.S.2019.Markin.1\NET.S.2019.Markin.18.csproj", "{C57447CF-52D1-4EC2-AF4F-AE350D7C308F}"
EndProject
Project("{FAE04EC0-301F-11D3-BF4B-00C04F79EFBC}") = "ConsoleApp1", "ConsoleApp1\ConsoleApp1.csproj", "{053745F5-125D-4EF7-8D13-3D7AF49FA429}"
EndProject
Global
	GlobalSection(SolutionConfigurationPlatforms) = preSolution
		Debug|Any CPU = Debug|Any CPU
		Release|Any CPU = Release|Any CPU
	EndGlobalSection
	GlobalSection(ProjectConfigurationPlatforms) = postSolution
		{C57447CF-52D1-4EC2-AF4F-AE350D7C308F}.Debug|Any CPU.ActiveCfg = Debug|Any CPU
		{C57447CF-52D1-4EC2-AF4F-AE350D7C308F}.Debug|Any CPU.Build.0 = Debug|Any CPU
		{C57447CF-52D1-4EC2-AF4F-AE350D7C308F}.Release|Any CPU.ActiveCfg = Release|Any CPU
		{C57447CF-52D1-4EC2-AF4F-AE350D7C308F}.Release|Any CPU.Build.0 = Release|Any CPU
		{053745F5-125D-4EF7-8D13-3D7AF49FA429}.Debug|Any CPU.ActiveCfg = Debug|Any CPU
		{053745F5-125D-4EF7-8D13-3D7AF49FA429}.Debug|Any CPU.Build.0 = Debug|Any CPU
		{053745F5-125D-4EF7-8D13-3D7AF49FA429}.Release|Any CPU.ActiveCfg = Release|Any CPU
		{053745F5-125D-4EF7-8D13-3D7AF49FA429}.Release|Any CPU.Build.0 = Release|Any CPU
	EndGlobalSection
	GlobalSection(SolutionProperties) = preSolution
		HideSolutionNode = FALSE
	EndGlobalSection
	GlobalSection(ExtensibilityGlobals) = postSolution
		SolutionGuid = {965FD152-27A8-461B-BF85-458E92E4B82A}
	EndGlobalSection
EndGlobal
